{
  "name": "valerio-gomez",
  "version": "1.0.0",
  "lockfileVersion": 2,
  "requires": true,
  "packages": {
    "": {
      "name": "valerio-gomez",
      "version": "1.0.0",
      "license": "MIT",
      "bin": {
        "valerio-gomez": "bin.js"
      },
      "devDependencies": {}
    }
  }
}
